
Microsoft Visual Studio Solution File, Format Version 12.00
# Visual Studio Version 16
VisualStudioVersion = 16.0.30717.126
MinimumVisualStudioVersion = 10.0.40219.1
Project("{FAE04EC0-301F-11D3-BF4B-00C04F79EFBC}") = "WARETRACK", "WARETRACK\WARETRACK.csproj", "{63E9FB7B-D3DD-40F7-A0E3-8F6040782309}"
EndProject
Global
	GlobalSection(SolutionConfigurationPlatforms) = preSolution
		Debug|Any CPU = Debug|Any CPU
		Release|Any CPU = Release|Any CPU
	EndGlobalSection
	GlobalSection(ProjectConfigurationPlatforms) = postSolution
		{63E9FB7B-D3DD-40F7-A0E3-8F6040782309}.Debug|Any CPU.ActiveCfg = Debug|Any CPU
		{63E9FB7B-D3DD-40F7-A0E3-8F6040782309}.Debug|Any CPU.Build.0 = Debug|Any CPU
		{63E9FB7B-D3DD-40F7-A0E3-8F6040782309}.Release|Any CPU.ActiveCfg = Release|Any CPU
		{63E9FB7B-D3DD-40F7-A0E3-8F6040782309}.Release|Any CPU.Build.0 = Release|Any CPU
	EndGlobalSection
	GlobalSection(SolutionProperties) = preSolution
		HideSolutionNode = FALSE
	EndGlobalSection
	GlobalSection(ExtensibilityGlobals) = postSolution
		SolutionGuid = {32604DEE-623A-4DFF-BF7D-F8B2F937F107}
	EndGlobalSection
EndGlobal
